
Microsoft Visual Studio Solution File, Format Version 12.00
# Visual Studio Version 17
VisualStudioVersion = 17.3.32929.385
MinimumVisualStudioVersion = 10.0.40219.1
Project("{FAE04EC0-301F-11D3-BF4B-00C04F79EFBC}") = "TestProject1", "TestProject1\TestProject1.csproj", "{3D66DF7D-0711-422B-A258-7BEC2BC2409E}"
EndProject
Global
	GlobalSection(SolutionConfigurationPlatforms) = preSolution
		Debug|Any CPU = Debug|Any CPU
		Release|Any CPU = Release|Any CPU
	EndGlobalSection
	GlobalSection(ProjectConfigurationPlatforms) = postSolution
		{3D66DF7D-0711-422B-A258-7BEC2BC2409E}.Debug|Any CPU.ActiveCfg = Debug|Any CPU
		{3D66DF7D-0711-422B-A258-7BEC2BC2409E}.Debug|Any CPU.Build.0 = Debug|Any CPU
		{3D66DF7D-0711-422B-A258-7BEC2BC2409E}.Release|Any CPU.ActiveCfg = Release|Any CPU
		{3D66DF7D-0711-422B-A258-7BEC2BC2409E}.Release|Any CPU.Build.0 = Release|Any CPU
	EndGlobalSection
	GlobalSection(SolutionProperties) = preSolution
		HideSolutionNode = FALSE
	EndGlobalSection
	GlobalSection(ExtensibilityGlobals) = postSolution
		SolutionGuid = {DE3C5816-BFD7-4DD1-9C79-B8C3CA04076A}
	EndGlobalSection
EndGlobal
